PODS:
  - ZWLicensePlateDiscern (0.1.1)

DEPENDENCIES:
  - ZWLicensePlateDiscern (from `../`)

EXTERNAL SOURCES:
  ZWLicensePlateDiscern:
    :path: "../"

SPEC CHECKSUMS:
  ZWLicensePlateDiscern: c262d7d81e87e2d0dc0d7b4987731e46c574c4af

PODFILE CHECKSUM: 7325d9fa2782d895924e3465ab177e71612a6c86

COCOAPODS: 1.8.4
