PODS:
  - AFNetworking (3.2.1):
    - AFNetworking/NSURLSession (= 3.2.1)
    - AFNetworking/Reachability (= 3.2.1)
    - AFNetworking/Security (= 3.2.1)
    - AFNetworking/Serialization (= 3.2.1)
    - AFNetworking/UIKit (= 3.2.1)
  - AFNetworking/NSURLSession (3.2.1):
    - AFNetworking/Reachability
    - AFNetworking/Security
    - AFNetworking/Serialization
  - AFNetworking/Reachability (3.2.1)
  - AFNetworking/Security (3.2.1)
  - AFNetworking/Serialization (3.2.1)
  - AFNetworking/UIKit (3.2.1):
    - AFNetworking/NSURLSession
  - ZWLicensePlateDiscern (0.1.0)

DEPENDENCIES:
  - AFNetworking
  - ZWLicensePlateDiscern

SPEC REPOS:
  trunk:
    - AFNetworking
    - ZWLicensePlateDiscern

SPEC CHECKSUMS:
  AFNetworking: b6f891fdfaed196b46c7a83cf209e09697b94057
  ZWLicensePlateDiscern: dfcd849c3657631073f33f1a547c9ffc66675592

PODFILE CHECKSUM: 26685f55423bf26bcc83b73306cf88495d6cc2dd

COCOAPODS: 1.8.4
